// !$*UTF8*$!
{
	archiveVersion = 1;
	classes = {
	};
	objectVersion = 46;
	objects = {

/* Begin PBXBuildFile section */
		4C92DBAA1E54525500B40FCE /* QYLeftMenuViewController.m in Sources */ = {isa = PBXBuildFile; fileRef = 4C92DBA91E54525500B40FCE /* QYLeftMenuViewController.m */; };
		4CD3F1CA1CE4798E00BA53BF /* main.m in Sources */ = {isa = PBXBuildFile; fileRef = 4CD3F1C91CE4798E00BA53BF /* main.m */; };
		4CD3F1CD1CE4798E00BA53BF /* AppDelegate.m in Sources */ = {isa = PBXBuildFile; fileRef = 4CD3F1CC1CE4798E00BA53BF /* AppDelegate.m */; };
		4CD3F1D01CE4798E00BA53BF /* ViewController.m in Sources */ = {isa = PBXBuildFile; fileRef = 4CD3F1CF1CE4798E00BA53BF /* ViewController.m */; };
		4CD3F1D31CE4798E00BA53BF /* Main.storyboard in Resources */ = {isa = PBXBuildFile; fileRef = 4CD3F1D11CE4798E00BA53BF /* Main.storyboard */; };
		4CD3F1D51CE4798E00BA53BF /* Assets.xcassets in Resources */ = {isa = PBXBuildFile; fileRef = 4CD3F1D41CE4798E00BA53BF /* Assets.xcassets */; };
		4CD3F1D81CE4798E00BA53BF /* LaunchScreen.storyboard in Resources */ = {isa = PBXBuildFile; fileRef = 4CD3F1D61CE4798E00BA53BF /* LaunchScreen.storyboard */; };
		4CD3F1E21CE479FE00BA53BF /* QYMenuViewControllerManager.m in Sources */ = {isa = PBXBuildFile; fileRef = 4CD3F1E11CE479FE00BA53BF /* QYMenuViewControllerManager.m */; };
		4CF81B901CE5886E007704C1 /* QYNavigationController.m in Sources */ = {isa = PBXBuildFile; fileRef = 4CF81B8F1CE5886E007704C1 /* QYNavigationController.m */; };
		4CFA91ED1E6010470084C34E /* main.m in Sources */ = {isa = PBXBuildFile; fileRef = 4CFA91EC1E6010470084C34E /* main.m */; };
		4CFA91F01E6010470084C34E /* AppDelegate.m in Sources */ = {isa = PBXBuildFile; fileRef = 4CFA91EF1E6010470084C34E /* AppDelegate.m */; };
		4CFA91F31E6010480084C34E /* ViewController.m in Sources */ = {isa = PBXBuildFile; fileRef = 4CFA91F21E6010480084C34E /* ViewController.m */; };
		4CFA91F61E6010480084C34E /* Main.storyboard in Resources */ = {isa = PBXBuildFile; fileRef = 4CFA91F41E6010480084C34E /* Main.storyboard */; };
		4CFA91F81E6010480084C34E /* Assets.xcassets in Resources */ = {isa = PBXBuildFile; fileRef = 4CFA91F71E6010480084C34E /* Assets.xcassets */; };
		4CFA91FB1E6010480084C34E /* LaunchScreen.storyboard in Resources */ = {isa = PBXBuildFile; fileRef = 4CFA91F91E6010480084C34E /* LaunchScreen.storyboard */; };
		4CFA92051E6038C50084C34E /* QYDemo1NavigationController.m in Sources */ = {isa = PBXBuildFile; fileRef = 4CFA92041E6038C50084C34E /* QYDemo1NavigationController.m */; };
/* End PBXBuildFile section */

/* Begin PBXFileReference section */
		4C92DBA81E54525500B40FCE /* QYLeftMenuViewController.h */ = {isa = PBXFileReference; fileEncoding = 4; lastKnownFileType = sourcecode.c.h; path = QYLeftMenuViewController.h; sourceTree = "<group>"; };
		4C92DBA91E54525500B40FCE /* QYLeftMenuViewController.m */ = {isa = PBXFileReference; fileEncoding = 4; lastKnownFileType = sourcecode.c.objc; path = QYLeftMenuViewController.m; sourceTree = "<group>"; };
		4CD3F1C51CE4798E00BA53BF /* QYSideMenu.app */ = {isa = PBXFileReference; explicitFileType = wrapper.application; includeInIndex = 0; path = QYSideMenu.app; sourceTree = BUILT_PRODUCTS_DIR; };
		4CD3F1C91CE4798E00BA53BF /* main.m */ = {isa = PBXFileReference; lastKnownFileType = sourcecode.c.objc; path = main.m; sourceTree = "<group>"; };
		4CD3F1CB1CE4798E00BA53BF /* AppDelegate.h */ = {isa = PBXFileReference; lastKnownFileType = sourcecode.c.h; path = AppDelegate.h; sourceTree = "<group>"; };
		4CD3F1CC1CE4798E00BA53BF /* AppDelegate.m */ = {isa = PBXFileReference; lastKnownFileType = sourcecode.c.objc; path = AppDelegate.m; sourceTree = "<group>"; };
		4CD3F1CE1CE4798E00BA53BF /* ViewController.h */ = {isa = PBXFileReference; lastKnownFileType = sourcecode.c.h; path = ViewController.h; sourceTree = "<group>"; };
		4CD3F1CF1CE4798E00BA53BF /* ViewController.m */ = {isa = PBXFileReference; lastKnownFileType = sourcecode.c.objc; path = ViewController.m; sourceTree = "<group>"; };
		4CD3F1D21CE4798E00BA53BF /* Base */ = {isa = PBXFileReference; lastKnownFileType = file.storyboard; name = Base; path = Base.lproj/Main.storyboard; sourceTree = "<group>"; };
		4CD3F1D41CE4798E00BA53BF /* Assets.xcassets */ = {isa = PBXFileReference; lastKnownFileType = folder.assetcatalog; path = Assets.xcassets; sourceTree = "<group>"; };
		4CD3F1D71CE4798E00BA53BF /* Base */ = {isa = PBXFileReference; lastKnownFileType = file.storyboard; name = Base; path = Base.lproj/LaunchScreen.storyboard; sourceTree = "<group>"; };
		4CD3F1D91CE4798E00BA53BF /* Info.plist */ = {isa = PBXFileReference; lastKnownFileType = text.plist.xml; path = Info.plist; sourceTree = "<group>"; };
		4CD3F1E01CE479FE00BA53BF /* QYMenuViewControllerManager.h */ = {isa = PBXFileReference; fileEncoding = 4; lastKnownFileType = sourcecode.c.h; path = QYMenuViewControllerManager.h; sourceTree = "<group>"; };
		4CD3F1E11CE479FE00BA53BF /* QYMenuViewControllerManager.m */ = {isa = PBXFileReference; fileEncoding = 4; lastKnownFileType = sourcecode.c.objc; path = QYMenuViewControllerManager.m; sourceTree = "<group>"; };
		4CF81B8E1CE5886E007704C1 /* QYNavigationController.h */ = {isa = PBXFileReference; fileEncoding = 4; lastKnownFileType = sourcecode.c.h; path = QYNavigationController.h; sourceTree = "<group>"; };
		4CF81B8F1CE5886E007704C1 /* QYNavigationController.m */ = {isa = PBXFileReference; fileEncoding = 4; lastKnownFileType = sourcecode.c.objc; path = QYNavigationController.m; sourceTree = "<group>"; };
		4CFA91E91E6010470084C34E /* Demo2.app */ = {isa = PBXFileReference; explicitFileType = wrapper.application; includeInIndex = 0; path = Demo2.app; sourceTree = BUILT_PRODUCTS_DIR; };
		4CFA91EC1E6010470084C34E /* main.m */ = {isa = PBXFileReference; lastKnownFileType = sourcecode.c.objc; path = main.m; sourceTree = "<group>"; };
		4CFA91EE1E6010470084C34E /* AppDelegate.h */ = {isa = PBXFileReference; lastKnownFileType = sourcecode.c.h; path = AppDelegate.h; sourceTree = "<group>"; };
		4CFA91EF1E6010470084C34E /* AppDelegate.m */ = {isa = PBXFileReference; lastKnownFileType = sourcecode.c.objc; path = AppDelegate.m; sourceTree = "<group>"; };
		4CFA91F11E6010470084C34E /* ViewController.h */ = {isa = PBXFileReference; lastKnownFileType = sourcecode.c.h; path = ViewController.h; sourceTree = "<group>"; };
		4CFA91F21E6010480084C34E /* ViewController.m */ = {isa = PBXFileReference; lastKnownFileType = sourcecode.c.objc; path = ViewController.m; sourceTree = "<group>"; };
		4CFA91F51E6010480084C34E /* Base */ = {isa = PBXFileReference; lastKnownFileType = file.storyboard; name = Base; path = Base.lproj/Main.storyboard; sourceTree = "<group>"; };
		4CFA91F71E6010480084C34E /* Assets.xcassets */ = {isa = PBXFileReference; lastKnownFileType = folder.assetcatalog; path = Assets.xcassets; sourceTree = "<group>"; };
		4CFA91FA1E6010480084C34E /* Base */ = {isa = PBXFileReference; lastKnownFileType = file.storyboard; name = Base; path = Base.lproj/LaunchScreen.storyboard; sourceTree = "<group>"; };
		4CFA91FC1E6010480084C34E /* Info.plist */ = {isa = PBXFileReference; lastKnownFileType = text.plist.xml; path = Info.plist; sourceTree = "<group>"; };
		4CFA92031E6038C50084C34E /* QYDemo1NavigationController.h */ = {isa = PBXFileReference; fileEncoding = 4; lastKnownFileType = sourcecode.c.h; path = QYDemo1NavigationController.h; sourceTree = "<group>"; };
		4CFA92041E6038C50084C34E /* QYDemo1NavigationController.m */ = {isa = PBXFileReference; fileEncoding = 4; lastKnownFileType = sourcecode.c.objc; path = QYDemo1NavigationController.m; sourceTree = "<group>"; };
/* End PBXFileReference section */

/* Begin PBXFrameworksBuildPhase section */
		4CD3F1C21CE4798E00BA53BF /* Frameworks */ = {
			isa = PBXFrameworksBuildPhase;
			buildActionMask = 2147483647;
			files = (
			);
			runOnlyForDeploymentPostprocessing = 0;
		};
		4CFA91E61E6010470084C34E /* Frameworks */ = {
			isa = PBXFrameworksBuildPhase;
			buildActionMask = 2147483647;
			files = (
			);
			runOnlyForDeploymentPostprocessing = 0;
		};
/* End PBXFrameworksBuildPhase section */

/* Begin PBXGroup section */
		4CD3F1BC1CE4798E00BA53BF = {
			isa = PBXGroup;
			children = (
				4CD3F1C71CE4798E00BA53BF /* QYSideMenu */,
				4CFA91EA1E6010470084C34E /* Demo2 */,
				4CD3F1C61CE4798E00BA53BF /* Products */,
			);
			sourceTree = "<group>";
		};
		4CD3F1C61CE4798E00BA53BF /* Products */ = {
			isa = PBXGroup;
			children = (
				4CD3F1C51CE4798E00BA53BF /* QYSideMenu.app */,
				4CFA91E91E6010470084C34E /* Demo2.app */,
			);
			name = Products;
			sourceTree = "<group>";
		};
		4CD3F1C71CE4798E00BA53BF /* QYSideMenu */ = {
			isa = PBXGroup;
			children = (
				4CD3F1DF1CE479A900BA53BF /* QYSide */,
				4CD3F1CB1CE4798E00BA53BF /* AppDelegate.h */,
				4CD3F1CC1CE4798E00BA53BF /* AppDelegate.m */,
				4CD3F1CE1CE4798E00BA53BF /* ViewController.h */,
				4CD3F1CF1CE4798E00BA53BF /* ViewController.m */,
				4CFA92031E6038C50084C34E /* QYDemo1NavigationController.h */,
				4CFA92041E6038C50084C34E /* QYDemo1NavigationController.m */,
				4C92DBA81E54525500B40FCE /* QYLeftMenuViewController.h */,
				4C92DBA91E54525500B40FCE /* QYLeftMenuViewController.m */,
				4CD3F1D11CE4798E00BA53BF /* Main.storyboard */,
				4CD3F1D41CE4798E00BA53BF /* Assets.xcassets */,
				4CD3F1D61CE4798E00BA53BF /* LaunchScreen.storyboard */,
				4CD3F1D91CE4798E00BA53BF /* Info.plist */,
				4CD3F1C81CE4798E00BA53BF /* Supporting Files */,
			);
			path = QYSideMenu;
			sourceTree = "<group>";
		};
		4CD3F1C81CE4798E00BA53BF /* Supporting Files */ = {
			isa = PBXGroup;
			children = (
				4CD3F1C91CE4798E00BA53BF /* main.m */,
			);
			name = "Supporting Files";
			sourceTree = "<group>";
		};
		4CD3F1DF1CE479A900BA53BF /* QYSide */ = {
			isa = PBXGroup;
			children = (
				4CD3F1E01CE479FE00BA53BF /* QYMenuViewControllerManager.h */,
				4CD3F1E11CE479FE00BA53BF /* QYMenuViewControllerManager.m */,
				4CF81B8E1CE5886E007704C1 /* QYNavigationController.h */,
				4CF81B8F1CE5886E007704C1 /* QYNavigationController.m */,
			);
			path = QYSide;
			sourceTree = "<group>";
		};
		4CFA91EA1E6010470084C34E /* Demo2 */ = {
			isa = PBXGroup;
			children = (
				4CFA91EE1E6010470084C34E /* AppDelegate.h */,
				4CFA91EF1E6010470084C34E /* AppDelegate.m */,
				4CFA91F11E6010470084C34E /* ViewController.h */,
				4CFA91F21E6010480084C34E /* ViewController.m */,
				4CFA91F41E6010480084C34E /* Main.storyboard */,
				4CFA91F71E6010480084C34E /* Assets.xcassets */,
				4CFA91F91E6010480084C34E /* LaunchScreen.storyboard */,
				4CFA91FC1E6010480084C34E /* Info.plist */,
				4CFA91EB1E6010470084C34E /* Supporting Files */,
			);
			path = Demo2;
			sourceTree = "<group>";
		};
		4CFA91EB1E6010470084C34E /* Supporting Files */ = {
			isa = PBXGroup;
			children = (
				4CFA91EC1E6010470084C34E /* main.m */,
			);
			name = "Supporting Files";
			sourceTree = "<group>";
		};
/* End PBXGroup section */

/* Begin PBXNativeTarget section */
		4CD3F1C41CE4798E00BA53BF /* QYSideMenu */ = {
			isa = PBXNativeTarget;
			buildConfigurationList = 4CD3F1DC1CE4798E00BA53BF /* Build configuration list for PBXNativeTarget "QYSideMenu" */;
			buildPhases = (
				4CD3F1C11CE4798E00BA53BF /* Sources */,
				4CD3F1C21CE4798E00BA53BF /* Frameworks */,
				4CD3F1C31CE4798E00BA53BF /* Resources */,
			);
			buildRules = (
			);
			dependencies = (
			);
			name = QYSideMenu;
			productName = QYSideMenu;
			productReference = 4CD3F1C51CE4798E00BA53BF /* QYSideMenu.app */;
			productType = "com.apple.product-type.application";
		};
		4CFA91E81E6010470084C34E /* Demo2 */ = {
			isa = PBXNativeTarget;
			buildConfigurationList = 4CFA91FD1E6010480084C34E /* Build configuration list for PBXNativeTarget "Demo2" */;
			buildPhases = (
				4CFA91E51E6010470084C34E /* Sources */,
				4CFA91E61E6010470084C34E /* Frameworks */,
				4CFA91E71E6010470084C34E /* Resources */,
			);
			buildRules = (
			);
			dependencies = (
			);
			name = Demo2;
			productName = Demo2;
			productReference = 4CFA91E91E6010470084C34E /* Demo2.app */;
			productType = "com.apple.product-type.application";
		};
/* End PBXNativeTarget section */

/* Begin PBXProject section */
		4CD3F1BD1CE4798E00BA53BF /* Project object */ = {
			isa = PBXProject;
			attributes = {
				LastUpgradeCheck = 0730;
				ORGANIZATIONNAME = ZLJuan;
				TargetAttributes = {
					4CD3F1C41CE4798E00BA53BF = {
						CreatedOnToolsVersion = 7.3;
						DevelopmentTeam = 32D6F84KA9;
					};
					4CFA91E81E6010470084C34E = {
						CreatedOnToolsVersion = 8.2.1;
						ProvisioningStyle = Automatic;
					};
				};
			};
			buildConfigurationList = 4CD3F1C01CE4798E00BA53BF /* Build configuration list for PBXProject "QYSideMenu" */;
			compatibilityVersion = "Xcode 3.2";
			developmentRegion = English;
			hasScannedForEncodings = 0;
			knownRegions = (
				en,
				Base,
			);
			mainGroup = 4CD3F1BC1CE4798E00BA53BF;
			productRefGroup = 4CD3F1C61CE4798E00BA53BF /* Products */;
			projectDirPath = "";
			projectRoot = "";
			targets = (
				4CD3F1C41CE4798E00BA53BF /* QYSideMenu */,
				4CFA91E81E6010470084C34E /* Demo2 */,
			);
		};
/* End PBXProject section */

/* Begin PBXResourcesBuildPhase section */
		4CD3F1C31CE4798E00BA53BF /* Resources */ = {
			isa = PBXResourcesBuildPhase;
			buildActionMask = 2147483647;
			files = (
				4CD3F1D81CE4798E00BA53BF /* LaunchScreen.storyboard in Resources */,
				4CD3F1D51CE4798E00BA53BF /* Assets.xcassets in Resources */,
				4CD3F1D31CE4798E00BA53BF /* Main.storyboard in Resources */,
			);
			runOnlyForDeploymentPostprocessing = 0;
		};
		4CFA91E71E6010470084C34E /* Resources */ = {
			isa = PBXResourcesBuildPhase;
			buildActionMask = 2147483647;
			files = (
				4CFA91FB1E6010480084C34E /* LaunchScreen.storyboard in Resources */,
				4CFA91F81E6010480084C34E /* Assets.xcassets in Resources */,
				4CFA91F61E6010480084C34E /* Main.storyboard in Resources */,
			);
			runOnlyForDeploymentPostprocessing = 0;
		};
/* End PBXResourcesBuildPhase section */

/* Begin PBXSourcesBuildPhase section */
		4CD3F1C11CE4798E00BA53BF /* Sources */ = {
			isa = PBXSourcesBuildPhase;
			buildActionMask = 2147483647;
			files = (
				4C92DBAA1E54525500B40FCE /* QYLeftMenuViewController.m in Sources */,
				4CD3F1D01CE4798E00BA53BF /* ViewController.m in Sources */,
				4CD3F1E21CE479FE00BA53BF /* QYMenuViewControllerManager.m in Sources */,
				4CFA92051E6038C50084C34E /* QYDemo1NavigationController.m in Sources */,
				4CD3F1CD1CE4798E00BA53BF /* AppDelegate.m in Sources */,
				4CD3F1CA1CE4798E00BA53BF /* main.m in Sources */,
				4CF81B901CE5886E007704C1 /* QYNavigationController.m in Sources */,
			);
			runOnlyForDeploymentPostprocessing = 0;
		};
		4CFA91E51E6010470084C34E /* Sources */ = {
			isa = PBXSourcesBuildPhase;
			buildActionMask = 2147483647;
			files = (
				4CFA91F31E6010480084C34E /* ViewController.m in Sources */,
				4CFA91F01E6010470084C34E /* AppDelegate.m in Sources */,
				4CFA91ED1E6010470084C34E /* main.m in Sources */,
			);
			runOnlyForDeploymentPostprocessing = 0;
		};
/* End PBXSourcesBuildPhase section */

/* Begin PBXVariantGroup section */
		4CD3F1D11CE4798E00BA53BF /* Main.storyboard */ = {
			isa = PBXVariantGroup;
			children = (
				4CD3F1D21CE4798E00BA53BF /* Base */,
			);
			name = Main.storyboard;
			sourceTree = "<group>";
		};
		4CD3F1D61CE4798E00BA53BF /* LaunchScreen.storyboard */ = {
			isa = PBXVariantGroup;
			children = (
				4CD3F1D71CE4798E00BA53BF /* Base */,
			);
			name = LaunchScreen.storyboard;
			sourceTree = "<group>";
		};
		4CFA91F41E6010480084C34E /* Main.storyboard */ = {
			isa = PBXVariantGroup;
			children = (
				4CFA91F51E6010480084C34E /* Base */,
			);
			name = Main.storyboard;
			sourceTree = "<group>";
		};
		4CFA91F91E6010480084C34E /* LaunchScreen.storyboard */ = {
			isa = PBXVariantGroup;
			children = (
				4CFA91FA1E6010480084C34E /* Base */,
			);
			name = LaunchScreen.storyboard;
			sourceTree = "<group>";
		};
/* End PBXVariantGroup section */

/* Begin XCBuildConfiguration section */
		4CD3F1DA1CE4798E00BA53BF /* Debug */ = {
			isa = XCBuildConfiguration;
			buildSettings = {
				ALWAYS_SEARCH_USER_PATHS = NO;
				CLANG_ANALYZER_NONNULL = YES;
				CLANG_CXX_LANGUAGE_STANDARD = "gnu++0x";
				CLANG_CXX_LIBRARY = "libc++";
				CLANG_ENABLE_MODULES = YES;
				CLANG_ENABLE_OBJC_ARC = YES;
				CLANG_WARN_BOOL_CONVERSION = YES;
				CLANG_WARN_CONSTANT_CONVERSION = YES;
				CLANG_WARN_DIRECT_OBJC_ISA_USAGE = YES_ERROR;
				CLANG_WARN_EMPTY_BODY = YES;
				CLANG_WARN_ENUM_CONVERSION = YES;
				CLANG_WARN_INT_CONVERSION = YES;
				CLANG_WARN_OBJC_ROOT_CLASS = YES_ERROR;
				CLANG_WARN_UNREACHABLE_CODE = YES;
				CLANG_WARN__DUPLICATE_METHOD_MATCH = YES;
				"CODE_SIGN_IDENTITY[sdk=iphoneos*]" = "iPhone Developer";
				COPY_PHASE_STRIP = NO;
				DEBUG_INFORMATION_FORMAT = dwarf;
				ENABLE_STRICT_OBJC_MSGSEND = YES;
				ENABLE_TESTABILITY = YES;
				GCC_C_LANGUAGE_STANDARD = gnu99;
				GCC_DYNAMIC_NO_PIC = NO;
				GCC_NO_COMMON_BLOCKS = YES;
				GCC_OPTIMIZATION_LEVEL = 0;
				GCC_PREPROCESSOR_DEFINITIONS = (
					"DEBUG=1",
					"$(inherited)",
				);
				GCC_WARN_64_TO_32_BIT_CONVERSION = YES;
				GCC_WARN_ABOUT_RETURN_TYPE = YES_ERROR;
				GCC_WARN_UNDECLARED_SELECTOR = YES;
				GCC_WARN_UNINITIALIZED_AUTOS = YES_AGGRESSIVE;
				GCC_WARN_UNUSED_FUNCTION = YES;
				GCC_WARN_UNUSED_VARIABLE = YES;
				IPHONEOS_DEPLOYMENT_TARGET = 9.3;
				MTL_ENABLE_DEBUG_INFO = YES;
				ONLY_ACTIVE_ARCH = YES;
				SDKROOT = iphoneos;
			};
			name = Debug;
		};
		4CD3F1DB1CE4798E00BA53BF /* Release */ = {
			isa = XCBuildConfiguration;
			buildSettings = {
				ALWAYS_SEARCH_USER_PATHS = NO;
				CLANG_ANALYZER_NONNULL = YES;
				CLANG_CXX_LANGUAGE_STANDARD = "gnu++0x";
				CLANG_CXX_LIBRARY = "libc++";
				CLANG_ENABLE_MODULES = YES;
				CLANG_ENABLE_OBJC_ARC = YES;
				CLANG_WARN_BOOL_CONVERSION = YES;
				CLANG_WARN_CONSTANT_CONVERSION = YES;
				CLANG_WARN_DIRECT_OBJC_ISA_USAGE = YES_ERROR;
				CLANG_WARN_EMPTY_BODY = YES;
				CLANG_WARN_ENUM_CONVERSION = YES;
				CLANG_WARN_INT_CONVERSION = YES;
				CLANG_WARN_OBJC_ROOT_CLASS = YES_ERROR;
				CLANG_WARN_UNREACHABLE_CODE = YES;
				CLANG_WARN__DUPLICATE_METHOD_MATCH = YES;
				"CODE_SIGN_IDENTITY[sdk=iphoneos*]" = "iPhone Developer";
				COPY_PHASE_STRIP = NO;
				DEBUG_INFORMATION_FORMAT = "dwarf-with-dsym";
				ENABLE_NS_ASSERTIONS = NO;
				ENABLE_STRICT_OBJC_MSGSEND = YES;
				GCC_C_LANGUAGE_STANDARD = gnu99;
				GCC_NO_COMMON_BLOCKS = YES;
				GCC_WARN_64_TO_32_BIT_CONVERSION = YES;
				GCC_WARN_ABOUT_RETURN_TYPE = YES_ERROR;
				GCC_WARN_UNDECLARED_SELECTOR = YES;
				GCC_WARN_UNINITIALIZED_AUTOS = YES_AGGRESSIVE;
				GCC_WARN_UNUSED_FUNCTION = YES;
				GCC_WARN_UNUSED_VARIABLE = YES;
				IPHONEOS_DEPLOYMENT_TARGET = 9.3;
				MTL_ENABLE_DEBUG_INFO = NO;
				SDKROOT = iphoneos;
				VALIDATE_PRODUCT = YES;
			};
			name = Release;
		};
		4CD3F1DD1CE4798E00BA53BF /* Debug */ = {
			isa = XCBuildConfiguration;
			buildSettings = {
				ASSETCATALOG_COMPILER_APPICON_NAME = AppIcon;
				CODE_SIGN_IDENTITY = "iPhone Developer";
				DEVELOPMENT_TEAM = 32D6F84KA9;
				INFOPLIST_FILE = QYSideMenu/Info.plist;
				IPHONEOS_DEPLOYMENT_TARGET = 8.0;
				LD_RUNPATH_SEARCH_PATHS = "$(inherited) @executable_path/Frameworks";
				PRODUCT_BUNDLE_IDENTIFIER = com.yipinapp.QYSideMenu;
				PRODUCT_NAME = "$(TARGET_NAME)";
				PROVISIONING_PROFILE = "";
				PROVISIONING_PROFILE_SPECIFIER = yp_dev_demo;
			};
			name = Debug;
		};
		4CD3F1DE1CE4798E00BA53BF /* Release */ = {
			isa = XCBuildConfiguration;
			buildSettings = {
				ASSETCATALOG_COMPILER_APPICON_NAME = AppIcon;
				CODE_SIGN_IDENTITY = "iPhone Developer";
				DEVELOPMENT_TEAM = 32D6F84KA9;
				INFOPLIST_FILE = QYSideMenu/Info.plist;
				IPHONEOS_DEPLOYMENT_TARGET = 8.0;
				LD_RUNPATH_SEARCH_PATHS = "$(inherited) @executable_path/Frameworks";
				PRODUCT_BUNDLE_IDENTIFIER = com.yipinapp.QYSideMenu;
				PRODUCT_NAME = "$(TARGET_NAME)";
				PROVISIONING_PROFILE = "";
				PROVISIONING_PROFILE_SPECIFIER = yp_dev_demo;
			};
			name = Release;
		};
		4CFA91FE1E6010480084C34E /* Debug */ = {
			isa = XCBuildConfiguration;
			buildSettings = {
				ASSETCATALOG_COMPILER_APPICON_NAME = AppIcon;
				CLANG_WARN_DOCUMENTATION_COMMENTS = YES;
				CLANG_WARN_INFINITE_RECURSION = YES;
				CLANG_WARN_SUSPICIOUS_MOVE = YES;
				INFOPLIST_FILE = Demo2/Info.plist;
				IPHONEOS_DEPLOYMENT_TARGET = 10.2;
				LD_RUNPATH_SEARCH_PATHS = "$(inherited) @executable_path/Frameworks";
				PRODUCT_BUNDLE_IDENTIFIER = yipinapp.Demo2;
				PRODUCT_NAME = "$(TARGET_NAME)";
			};
			name = Debug;
		};
		4CFA91FF1E6010480084C34E /* Release */ = {
			isa = XCBuildConfiguration;
			buildSettings = {
				ASSETCATALOG_COMPILER_APPICON_NAME = AppIcon;
				CLANG_WARN_DOCUMENTATION_COMMENTS = YES;
				CLANG_WARN_INFINITE_RECURSION = YES;
				CLANG_WARN_SUSPICIOUS_MOVE = YES;
				INFOPLIST_FILE = Demo2/Info.plist;
				IPHONEOS_DEPLOYMENT_TARGET = 10.2;
				LD_RUNPATH_SEARCH_PATHS = "$(inherited) @executable_path/Frameworks";
				PRODUCT_BUNDLE_IDENTIFIER = yipinapp.Demo2;
				PRODUCT_NAME = "$(TARGET_NAME)";
			};
			name = Release;
		};
/* End XCBuildConfiguration section */

/* Begin XCConfigurationList section */
		4CD3F1C01CE4798E00BA53BF /* Build configuration list for PBXProject "QYSideMenu" */ = {
			isa = XCConfigurationList;
			buildConfigurations = (
				4CD3F1DA1CE4798E00BA53BF /* Debug */,
				4CD3F1DB1CE4798E00BA53BF /* Release */,
			);
			defaultConfigurationIsVisible = 0;
			defaultConfigurationName = Release;
		};
		4CD3F1DC1CE4798E00BA53BF /* Build configuration list for PBXNativeTarget "QYSideMenu" */ = {
			isa = XCConfigurationList;
			buildConfigurations = (
				4CD3F1DD1CE4798E00BA53BF /* Debug */,
				4CD3F1DE1CE4798E00BA53BF /* Release */,
			);
			defaultConfigurationIsVisible = 0;
			defaultConfigurationName = Release;
		};
		4CFA91FD1E6010480084C34E /* Build configuration list for PBXNativeTarget "Demo2" */ = {
			isa = XCConfigurationList;
			buildConfigurations = (
				4CFA91FE1E6010480084C34E /* Debug */,
				4CFA91FF1E6010480084C34E /* Release */,
			);
			defaultConfigurationIsVisible = 0;
		};
/* End XCConfigurationList section */
	};
	rootObject = 4CD3F1BD1CE4798E00BA53BF /* Project object */;
}
